// !$*UTF8*$!
{
	archiveVersion = 1;
	classes = {
	};
	objectVersion = 56;
	objects = {

/* Begin PBXBuildFile section */
		6E2B18902CA84C2800F4F2EC /* DetailViewController.swift in Sources */ = {isa = PBXBuildFile; fileRef = 6E2B188F2CA84C2800F4F2EC /* DetailViewController.swift */; };
		6E2BDDED2CA5D64C00D605A8 /* AppDelegate.swift in Sources */ = {isa = PBXBuildFile; fileRef = 6E2BDDEC2CA5D64C00D605A8 /* AppDelegate.swift */; };
		6E2BDDEF2CA5D64C00D605A8 /* SceneDelegate.swift in Sources */ = {isa = PBXBuildFile; fileRef = 6E2BDDEE2CA5D64C00D605A8 /* SceneDelegate.swift */; };
		6E2BDDF12CA5D64C00D605A8 /* ViewController.swift in Sources */ = {isa = PBXBuildFile; fileRef = 6E2BDDF02CA5D64C00D605A8 /* ViewController.swift */; };
		6E2BDDF42CA5D64C00D605A8 /* Base in Resources */ = {isa = PBXBuildFile; fileRef = 6E2BDDF32CA5D64C00D605A8 /* Base */; };
		6E2BDDF62CA5D64E00D605A8 /* Assets.xcassets in Resources */ = {isa = PBXBuildFile; fileRef = 6E2BDDF52CA5D64E00D605A8 /* Assets.xcassets */; };
		6E2BDDF92CA5D64E00D605A8 /* Base in Resources */ = {isa = PBXBuildFile; fileRef = 6E2BDDF82CA5D64E00D605A8 /* Base */; };
		6E2BDE0B2CA5D67800D605A8 /* nssl0033.jpg in Resources */ = {isa = PBXBuildFile; fileRef = 6E2BDE002CA5D67800D605A8 /* nssl0033.jpg */; };
		6E2BDE0C2CA5D67800D605A8 /* nssl0034.jpg in Resources */ = {isa = PBXBuildFile; fileRef = 6E2BDE012CA5D67800D605A8 /* nssl0034.jpg */; };
		6E2BDE0D2CA5D67800D605A8 /* nssl0041.jpg in Resources */ = {isa = PBXBuildFile; fileRef = 6E2BDE022CA5D67800D605A8 /* nssl0041.jpg */; };
		6E2BDE0E2CA5D67800D605A8 /* nssl0042.jpg in Resources */ = {isa = PBXBuildFile; fileRef = 6E2BDE032CA5D67800D605A8 /* nssl0042.jpg */; };
		6E2BDE0F2CA5D67800D605A8 /* nssl0043.jpg in Resources */ = {isa = PBXBuildFile; fileRef = 6E2BDE042CA5D67800D605A8 /* nssl0043.jpg */; };
		6E2BDE102CA5D67800D605A8 /* nssl0045.jpg in Resources */ = {isa = PBXBuildFile; fileRef = 6E2BDE052CA5D67800D605A8 /* nssl0045.jpg */; };
		6E2BDE112CA5D67800D605A8 /* nssl0046.jpg in Resources */ = {isa = PBXBuildFile; fileRef = 6E2BDE062CA5D67800D605A8 /* nssl0046.jpg */; };
		6E2BDE122CA5D67800D605A8 /* nssl0049.jpg in Resources */ = {isa = PBXBuildFile; fileRef = 6E2BDE072CA5D67800D605A8 /* nssl0049.jpg */; };
		6E2BDE132CA5D67800D605A8 /* nssl0051.jpg in Resources */ = {isa = PBXBuildFile; fileRef = 6E2BDE082CA5D67800D605A8 /* nssl0051.jpg */; };
		6E2BDE142CA5D67800D605A8 /* nssl0091.jpg in Resources */ = {isa = PBXBuildFile; fileRef = 6E2BDE092CA5D67800D605A8 /* nssl0091.jpg */; };
/* End PBXBuildFile section */

/* Begin PBXFileReference section */
		6E2B188F2CA84C2800F4F2EC /* DetailViewController.swift */ = {isa = PBXFileReference; lastKnownFileType = sourcecode.swift; path = DetailViewController.swift; sourceTree = "<group>"; };
		6E2BDDE92CA5D64C00D605A8 /* Project1.app */ = {isa = PBXFileReference; explicitFileType = wrapper.application; includeInIndex = 0; path = Project1.app; sourceTree = BUILT_PRODUCTS_DIR; };
		6E2BDDEC2CA5D64C00D605A8 /* AppDelegate.swift */ = {isa = PBXFileReference; lastKnownFileType = sourcecode.swift; path = AppDelegate.swift; sourceTree = "<group>"; };
		6E2BDDEE2CA5D64C00D605A8 /* SceneDelegate.swift */ = {isa = PBXFileReference; lastKnownFileType = sourcecode.swift; path = SceneDelegate.swift; sourceTree = "<group>"; };
		6E2BDDF02CA5D64C00D605A8 /* ViewController.swift */ = {isa = PBXFileReference; lastKnownFileType = sourcecode.swift; path = ViewController.swift; sourceTree = "<group>"; };
		6E2BDDF32CA5D64C00D605A8 /* Base */ = {isa = PBXFileReference; lastKnownFileType = file.storyboard; name = Base; path = Base.lproj/Main.storyboard; sourceTree = "<group>"; };
		6E2BDDF52CA5D64E00D605A8 /* Assets.xcassets */ = {isa = PBXFileReference; lastKnownFileType = folder.assetcatalog; path = Assets.xcassets; sourceTree = "<group>"; };
		6E2BDDF82CA5D64E00D605A8 /* Base */ = {isa = PBXFileReference; lastKnownFileType = file.storyboard; name = Base; path = Base.lproj/LaunchScreen.storyboard; sourceTree = "<group>"; };
		6E2BDDFA2CA5D64E00D605A8 /* Info.plist */ = {isa = PBXFileReference; lastKnownFileType = text.plist.xml; path = Info.plist; sourceTree = "<group>"; };
		6E2BDE002CA5D67800D605A8 /* nssl0033.jpg */ = {isa = PBXFileReference; lastKnownFileType = image.jpeg; path = nssl0033.jpg; sourceTree = "<group>"; };
		6E2BDE012CA5D67800D605A8 /* nssl0034.jpg */ = {isa = PBXFileReference; lastKnownFileType = image.jpeg; path = nssl0034.jpg; sourceTree = "<group>"; };
		6E2BDE022CA5D67800D605A8 /* nssl0041.jpg */ = {isa = PBXFileReference; lastKnownFileType = image.jpeg; path = nssl0041.jpg; sourceTree = "<group>"; };
		6E2BDE032CA5D67800D605A8 /* nssl0042.jpg */ = {isa = PBXFileReference; lastKnownFileType = image.jpeg; path = nssl0042.jpg; sourceTree = "<group>"; };
		6E2BDE042CA5D67800D605A8 /* nssl0043.jpg */ = {isa = PBXFileReference; lastKnownFileType = image.jpeg; path = nssl0043.jpg; sourceTree = "<group>"; };
		6E2BDE052CA5D67800D605A8 /* nssl0045.jpg */ = {isa = PBXFileReference; lastKnownFileType = image.jpeg; path = nssl0045.jpg; sourceTree = "<group>"; };
		6E2BDE062CA5D67800D605A8 /* nssl0046.jpg */ = {isa = PBXFileReference; lastKnownFileType = image.jpeg; path = nssl0046.jpg; sourceTree = "<group>"; };
		6E2BDE072CA5D67800D605A8 /* nssl0049.jpg */ = {isa = PBXFileReference; lastKnownFileType = image.jpeg; path = nssl0049.jpg; sourceTree = "<group>"; };
		6E2BDE082CA5D67800D605A8 /* nssl0051.jpg */ = {isa = PBXFileReference; lastKnownFileType = image.jpeg; path = nssl0051.jpg; sourceTree = "<group>"; };
		6E2BDE092CA5D67800D605A8 /* nssl0091.jpg */ = {isa = PBXFileReference; lastKnownFileType = image.jpeg; path = nssl0091.jpg; sourceTree = "<group>"; };
/* End PBXFileReference section */

/* Begin PBXFrameworksBuildPhase section */
		6E2BDDE62CA5D64C00D605A8 /* Frameworks */ = {
			isa = PBXFrameworksBuildPhase;
			buildActionMask = 2147483647;
			files = (
			);
			runOnlyForDeploymentPostprocessing = 0;
		};
/* End PBXFrameworksBuildPhase section */

/* Begin PBXGroup section */
		6E2BDDE02CA5D64C00D605A8 = {
			isa = PBXGroup;
			children = (
				6E2BDDEB2CA5D64C00D605A8 /* Project1 */,
				6E2BDDEA2CA5D64C00D605A8 /* Products */,
			);
			sourceTree = "<group>";
		};
		6E2BDDEA2CA5D64C00D605A8 /* Products */ = {
			isa = PBXGroup;
			children = (
				6E2BDDE92CA5D64C00D605A8 /* Project1.app */,
			);
			name = Products;
			sourceTree = "<group>";
		};
		6E2BDDEB2CA5D64C00D605A8 /* Project1 */ = {
			isa = PBXGroup;
			children = (
				6E2BDDEC2CA5D64C00D605A8 /* AppDelegate.swift */,
				6E2BDDEE2CA5D64C00D605A8 /* SceneDelegate.swift */,
				6E2BDDF02CA5D64C00D605A8 /* ViewController.swift */,
				6E2B188F2CA84C2800F4F2EC /* DetailViewController.swift */,
				6E2BDDF22CA5D64C00D605A8 /* Main.storyboard */,
				6E2BDDF52CA5D64E00D605A8 /* Assets.xcassets */,
				6E2BDDF72CA5D64E00D605A8 /* LaunchScreen.storyboard */,
				6E2BDDFA2CA5D64E00D605A8 /* Info.plist */,
				6E2BDE0A2CA5D67800D605A8 /* Content */,
			);
			path = Project1;
			sourceTree = "<group>";
		};
		6E2BDE0A2CA5D67800D605A8 /* Content */ = {
			isa = PBXGroup;
			children = (
				6E2BDE002CA5D67800D605A8 /* nssl0033.jpg */,
				6E2BDE012CA5D67800D605A8 /* nssl0034.jpg */,
				6E2BDE022CA5D67800D605A8 /* nssl0041.jpg */,
				6E2BDE032CA5D67800D605A8 /* nssl0042.jpg */,
				6E2BDE042CA5D67800D605A8 /* nssl0043.jpg */,
				6E2BDE052CA5D67800D605A8 /* nssl0045.jpg */,
				6E2BDE062CA5D67800D605A8 /* nssl0046.jpg */,
				6E2BDE072CA5D67800D605A8 /* nssl0049.jpg */,
				6E2BDE082CA5D67800D605A8 /* nssl0051.jpg */,
				6E2BDE092CA5D67800D605A8 /* nssl0091.jpg */,
			);
			path = Content;
			sourceTree = "<group>";
		};
/* End PBXGroup section */

/* Begin PBXNativeTarget section */
		6E2BDDE82CA5D64C00D605A8 /* Project1 */ = {
			isa = PBXNativeTarget;
			buildConfigurationList = 6E2BDDFD2CA5D64E00D605A8 /* Build configuration list for PBXNativeTarget "Project1" */;
			buildPhases = (
				6E2BDDE52CA5D64C00D605A8 /* Sources */,
				6E2BDDE62CA5D64C00D605A8 /* Frameworks */,
				6E2BDDE72CA5D64C00D605A8 /* Resources */,
			);
			buildRules = (
			);
			dependencies = (
			);
			name = Project1;
			productName = Project1;
			productReference = 6E2BDDE92CA5D64C00D605A8 /* Project1.app */;
			productType = "com.apple.product-type.application";
		};
/* End PBXNativeTarget section */

/* Begin PBXProject section */
		6E2BDDE12CA5D64C00D605A8 /* Project object */ = {
			isa = PBXProject;
			attributes = {
				BuildIndependentTargetsInParallel = 1;
				LastSwiftUpdateCheck = 1540;
				LastUpgradeCheck = 1540;
				TargetAttributes = {
					6E2BDDE82CA5D64C00D605A8 = {
						CreatedOnToolsVersion = 15.4;
					};
				};
			};
			buildConfigurationList = 6E2BDDE42CA5D64C00D605A8 /* Build configuration list for PBXProject "Project1" */;
			compatibilityVersion = "Xcode 14.0";
			developmentRegion = en;
			hasScannedForEncodings = 0;
			knownRegions = (
				en,
				Base,
			);
			mainGroup = 6E2BDDE02CA5D64C00D605A8;
			productRefGroup = 6E2BDDEA2CA5D64C00D605A8 /* Products */;
			projectDirPath = "";
			projectRoot = "";
			targets = (
				6E2BDDE82CA5D64C00D605A8 /* Project1 */,
			);
		};
/* End PBXProject section */

/* Begin PBXResourcesBuildPhase section */
		6E2BDDE72CA5D64C00D605A8 /* Resources */ = {
			isa = PBXResourcesBuildPhase;
			buildActionMask = 2147483647;
			files = (
				6E2BDE0C2CA5D67800D605A8 /* nssl0034.jpg in Resources */,
				6E2BDE132CA5D67800D605A8 /* nssl0051.jpg in Resources */,
				6E2BDDF62CA5D64E00D605A8 /* Assets.xcassets in Resources */,
				6E2BDE0F2CA5D67800D605A8 /* nssl0043.jpg in Resources */,
				6E2BDE0B2CA5D67800D605A8 /* nssl0033.jpg in Resources */,
				6E2BDE102CA5D67800D605A8 /* nssl0045.jpg in Resources */,
				6E2BDE112CA5D67800D605A8 /* nssl0046.jpg in Resources */,
				6E2BDE122CA5D67800D605A8 /* nssl0049.jpg in Resources */,
				6E2BDE0E2CA5D67800D605A8 /* nssl0042.jpg in Resources */,
				6E2BDDF92CA5D64E00D605A8 /* Base in Resources */,
				6E2BDE142CA5D67800D605A8 /* nssl0091.jpg in Resources */,
				6E2BDE0D2CA5D67800D605A8 /* nssl0041.jpg in Resources */,
				6E2BDDF42CA5D64C00D605A8 /* Base in Resources */,
			);
			runOnlyForDeploymentPostprocessing = 0;
		};
/* End PBXResourcesBuildPhase section */

/* Begin PBXSourcesBuildPhase section */
		6E2BDDE52CA5D64C00D605A8 /* Sources */ = {
			isa = PBXSourcesBuildPhase;
			buildActionMask = 2147483647;
			files = (
				6E2BDDF12CA5D64C00D605A8 /* ViewController.swift in Sources */,
				6E2BDDED2CA5D64C00D605A8 /* AppDelegate.swift in Sources */,
				6E2BDDEF2CA5D64C00D605A8 /* SceneDelegate.swift in Sources */,
				6E2B18902CA84C2800F4F2EC /* DetailViewController.swift in Sources */,
			);
			runOnlyForDeploymentPostprocessing = 0;
		};
/* End PBXSourcesBuildPhase section */

/* Begin PBXVariantGroup section */
		6E2BDDF22CA5D64C00D605A8 /* Main.storyboard */ = {
			isa = PBXVariantGroup;
			children = (
				6E2BDDF32CA5D64C00D605A8 /* Base */,
			);
			name = Main.storyboard;
			sourceTree = "<group>";
		};
		6E2BDDF72CA5D64E00D605A8 /* LaunchScreen.storyboard */ = {
			isa = PBXVariantGroup;
			children = (
				6E2BDDF82CA5D64E00D605A8 /* Base */,
			);
			name = LaunchScreen.storyboard;
			sourceTree = "<group>";
		};
/* End PBXVariantGroup section */

/* Begin XCBuildConfiguration section */
		6E2BDDFB2CA5D64E00D605A8 /* Debug */ = {
			isa = XCBuildConfiguration;
			buildSettings = {
				ALWAYS_SEARCH_USER_PATHS = NO;
				ASSETCATALOG_COMPILER_GENERATE_SWIFT_ASSET_SYMBOL_EXTENSIONS = YES;
				CLANG_ANALYZER_NONNULL = YES;
				CLANG_ANALYZER_NUMBER_OBJECT_CONVERSION = YES_AGGRESSIVE;
				CLANG_CXX_LANGUAGE_STANDARD = "gnu++20";
				CLANG_ENABLE_MODULES = YES;
				CLANG_ENABLE_OBJC_ARC = YES;
				CLANG_ENABLE_OBJC_WEAK = YES;
				CLANG_WARN_BLOCK_CAPTURE_AUTORELEASING = YES;
				CLANG_WARN_BOOL_CONVERSION = YES;
				CLANG_WARN_COMMA = YES;
				CLANG_WARN_CONSTANT_CONVERSION = YES;
				CLANG_WARN_DEPRECATED_OBJC_IMPLEMENTATIONS = YES;
				CLANG_WARN_DIRECT_OBJC_ISA_USAGE = YES_ERROR;
				CLANG_WARN_DOCUMENTATION_COMMENTS = YES;
				CLANG_WARN_EMPTY_BODY = YES;
				CLANG_WARN_ENUM_CONVERSION = YES;
				CLANG_WARN_INFINITE_RECURSION = YES;
				CLANG_WARN_INT_CONVERSION = YES;
				CLANG_WARN_NON_LITERAL_NULL_CONVERSION = YES;
				CLANG_WARN_OBJC_IMPLICIT_RETAIN_SELF = YES;
				CLANG_WARN_OBJC_LITERAL_CONVERSION = YES;
				CLANG_WARN_OBJC_ROOT_CLASS = YES_ERROR;
				CLANG_WARN_QUOTED_INCLUDE_IN_FRAMEWORK_HEADER = YES;
				CLANG_WARN_RANGE_LOOP_ANALYSIS = YES;
				CLANG_WARN_STRICT_PROTOTYPES = YES;
				CLANG_WARN_SUSPICIOUS_MOVE = YES;
				CLANG_WARN_UNGUARDED_AVAILABILITY = YES_AGGRESSIVE;
				CLANG_WARN_UNREACHABLE_CODE = YES;
				CLANG_WARN__DUPLICATE_METHOD_MATCH = YES;
				COPY_PHASE_STRIP = NO;
				DEBUG_INFORMATION_FORMAT = dwarf;
				ENABLE_STRICT_OBJC_MSGSEND = YES;
				ENABLE_TESTABILITY = YES;
				ENABLE_USER_SCRIPT_SANDBOXING = YES;
				GCC_C_LANGUAGE_STANDARD = gnu17;
				GCC_DYNAMIC_NO_PIC = NO;
				GCC_NO_COMMON_BLOCKS = YES;
				GCC_OPTIMIZATION_LEVEL = 0;
				GCC_PREPROCESSOR_DEFINITIONS = (
					"DEBUG=1",
					"$(inherited)",
				);
				GCC_WARN_64_TO_32_BIT_CONVERSION = YES;
				GCC_WARN_ABOUT_RETURN_TYPE = YES_ERROR;
				GCC_WARN_UNDECLARED_SELECTOR = YES;
				GCC_WARN_UNINITIALIZED_AUTOS = YES_AGGRESSIVE;
				GCC_WARN_UNUSED_FUNCTION = YES;
				GCC_WARN_UNUSED_VARIABLE = YES;
				IPHONEOS_DEPLOYMENT_TARGET = 17.5;
				LOCALIZATION_PREFERS_STRING_CATALOGS = YES;
				MTL_ENABLE_DEBUG_INFO = INCLUDE_SOURCE;
				MTL_FAST_MATH = YES;
				ONLY_ACTIVE_ARCH = YES;
				SDKROOT = iphoneos;
				SWIFT_ACTIVE_COMPILATION_CONDITIONS = "DEBUG $(inherited)";
				SWIFT_OPTIMIZATION_LEVEL = "-Onone";
			};
			name = Debug;
		};
		6E2BDDFC2CA5D64E00D605A8 /* Release */ = {
			isa = XCBuildConfiguration;
			buildSettings = {
				ALWAYS_SEARCH_USER_PATHS = NO;
				ASSETCATALOG_COMPILER_GENERATE_SWIFT_ASSET_SYMBOL_EXTENSIONS = YES;
				CLANG_ANALYZER_NONNULL = YES;
				CLANG_ANALYZER_NUMBER_OBJECT_CONVERSION = YES_AGGRESSIVE;
				CLANG_CXX_LANGUAGE_STANDARD = "gnu++20";
				CLANG_ENABLE_MODULES = YES;
				CLANG_ENABLE_OBJC_ARC = YES;
				CLANG_ENABLE_OBJC_WEAK = YES;
				CLANG_WARN_BLOCK_CAPTURE_AUTORELEASING = YES;
				CLANG_WARN_BOOL_CONVERSION = YES;
				CLANG_WARN_COMMA = YES;
				CLANG_WARN_CONSTANT_CONVERSION = YES;
				CLANG_WARN_DEPRECATED_OBJC_IMPLEMENTATIONS = YES;
				CLANG_WARN_DIRECT_OBJC_ISA_USAGE = YES_ERROR;
				CLANG_WARN_DOCUMENTATION_COMMENTS = YES;
				CLANG_WARN_EMPTY_BODY = YES;
				CLANG_WARN_ENUM_CONVERSION = YES;
				CLANG_WARN_INFINITE_RECURSION = YES;
				CLANG_WARN_INT_CONVERSION = YES;
				CLANG_WARN_NON_LITERAL_NULL_CONVERSION = YES;
				CLANG_WARN_OBJC_IMPLICIT_RETAIN_SELF = YES;
				CLANG_WARN_OBJC_LITERAL_CONVERSION = YES;
				CLANG_WARN_OBJC_ROOT_CLASS = YES_ERROR;
				CLANG_WARN_QUOTED_INCLUDE_IN_FRAMEWORK_HEADER = YES;
				CLANG_WARN_RANGE_LOOP_ANALYSIS = YES;
				CLANG_WARN_STRICT_PROTOTYPES = YES;
				CLANG_WARN_SUSPICIOUS_MOVE = YES;
				CLANG_WARN_UNGUARDED_AVAILABILITY = YES_AGGRESSIVE;
				CLANG_WARN_UNREACHABLE_CODE = YES;
				CLANG_WARN__DUPLICATE_METHOD_MATCH = YES;
				COPY_PHASE_STRIP = NO;
				DEBUG_INFORMATION_FORMAT = "dwarf-with-dsym";
				ENABLE_NS_ASSERTIONS = NO;
				ENABLE_STRICT_OBJC_MSGSEND = YES;
				ENABLE_USER_SCRIPT_SANDBOXING = YES;
				GCC_C_LANGUAGE_STANDARD = gnu17;
				GCC_NO_COMMON_BLOCKS = YES;
				GCC_WARN_64_TO_32_BIT_CONVERSION = YES;
				GCC_WARN_ABOUT_RETURN_TYPE = YES_ERROR;
				GCC_WARN_UNDECLARED_SELECTOR = YES;
				GCC_WARN_UNINITIALIZED_AUTOS = YES_AGGRESSIVE;
				GCC_WARN_UNUSED_FUNCTION = YES;
				GCC_WARN_UNUSED_VARIABLE = YES;
				IPHONEOS_DEPLOYMENT_TARGET = 17.5;
				LOCALIZATION_PREFERS_STRING_CATALOGS = YES;
				MTL_ENABLE_DEBUG_INFO = NO;
				MTL_FAST_MATH = YES;
				SDKROOT = iphoneos;
				SWIFT_COMPILATION_MODE = wholemodule;
				VALIDATE_PRODUCT = YES;
			};
			name = Release;
		};
		6E2BDDFE2CA5D64E00D605A8 /* Debug */ = {
			isa = XCBuildConfiguration;
			buildSettings = {
				ASSETCATALOG_COMPILER_APPICON_NAME = AppIcon;
				ASSETCATALOG_COMPILER_GLOBAL_ACCENT_COLOR_NAME = AccentColor;
				CODE_SIGN_STYLE = Automatic;
				CURRENT_PROJECT_VERSION = 1;
				GENERATE_INFOPLIST_FILE = YES;
				INFOPLIST_FILE = Project1/Info.plist;
				INFOPLIST_KEY_UIApplicationSupportsIndirectInputEvents = YES;
				INFOPLIST_KEY_UILaunchStoryboardName = LaunchScreen;
				INFOPLIST_KEY_UIMainStoryboardFile = Main;
				INFOPLIST_KEY_UISupportedInterfaceOrientations_iPad = "UIInterfaceOrientationPortrait UIInterfaceOrientationPortraitUpsideDown UIInterfaceOrientationLandscapeLeft UIInterfaceOrientationLandscapeRight";
				INFOPLIST_KEY_UISupportedInterfaceOrientations_iPhone = "UIInterfaceOrientationPortrait UIInterfaceOrientationLandscapeLeft UIInterfaceOrientationLandscapeRight";
				LD_RUNPATH_SEARCH_PATHS = (
					"$(inherited)",
					"@executable_path/Frameworks",
				);
				MARKETING_VERSION = 1.0;
				PRODUCT_BUNDLE_IDENTIFIER = "First-App.Project1";
				PRODUCT_NAME = "$(TARGET_NAME)";
				SWIFT_EMIT_LOC_STRINGS = YES;
				SWIFT_VERSION = 5.0;
				TARGETED_DEVICE_FAMILY = "1,2";
			};
			name = Debug;
		};
		6E2BDDFF2CA5D64E00D605A8 /* Release */ = {
			isa = XCBuildConfiguration;
			buildSettings = {
				ASSETCATALOG_COMPILER_APPICON_NAME = AppIcon;
				ASSETCATALOG_COMPILER_GLOBAL_ACCENT_COLOR_NAME = AccentColor;
				CODE_SIGN_STYLE = Automatic;
				CURRENT_PROJECT_VERSION = 1;
				GENERATE_INFOPLIST_FILE = YES;
				INFOPLIST_FILE = Project1/Info.plist;
				INFOPLIST_KEY_UIApplicationSupportsIndirectInputEvents = YES;
				INFOPLIST_KEY_UILaunchStoryboardName = LaunchScreen;
				INFOPLIST_KEY_UIMainStoryboardFile = Main;
				INFOPLIST_KEY_UISupportedInterfaceOrientations_iPad = "UIInterfaceOrientationPortrait UIInterfaceOrientationPortraitUpsideDown UIInterfaceOrientationLandscapeLeft UIInterfaceOrientationLandscapeRight";
				INFOPLIST_KEY_UISupportedInterfaceOrientations_iPhone = "UIInterfaceOrientationPortrait UIInterfaceOrientationLandscapeLeft UIInterfaceOrientationLandscapeRight";
				LD_RUNPATH_SEARCH_PATHS = (
					"$(inherited)",
					"@executable_path/Frameworks",
				);
				MARKETING_VERSION = 1.0;
				PRODUCT_BUNDLE_IDENTIFIER = "First-App.Project1";
				PRODUCT_NAME = "$(TARGET_NAME)";
				SWIFT_EMIT_LOC_STRINGS = YES;
				SWIFT_VERSION = 5.0;
				TARGETED_DEVICE_FAMILY = "1,2";
			};
			name = Release;
		};
/* End XCBuildConfiguration section */

/* Begin XCConfigurationList section */
		6E2BDDE42CA5D64C00D605A8 /* Build configuration list for PBXProject "Project1" */ = {
			isa = XCConfigurationList;
			buildConfigurations = (
				6E2BDDFB2CA5D64E00D605A8 /* Debug */,
				6E2BDDFC2CA5D64E00D605A8 /* Release */,
			);
			defaultConfigurationIsVisible = 0;
			defaultConfigurationName = Release;
		};
		6E2BDDFD2CA5D64E00D605A8 /* Build configuration list for PBXNativeTarget "Project1" */ = {
			isa = XCConfigurationList;
			buildConfigurations = (
				6E2BDDFE2CA5D64E00D605A8 /* Debug */,
				6E2BDDFF2CA5D64E00D605A8 /* Release */,
			);
			defaultConfigurationIsVisible = 0;
			defaultConfigurationName = Release;
		};
/* End XCConfigurationList section */
	};
	rootObject = 6E2BDDE12CA5D64C00D605A8 /* Project object */;
}
